Microsoft Visual Studio Solution File, Format Version 12.00
# Visual Studio Version 17
VisualStudioVersion = 17.10.34607.79
MinimumVisualStudioVersion = 16.0.0.0
Project("{9A19103F-16F7-4668-BE54-9A1E7A4F7556}") = "EddieBlazorResume", "EddieBlazorResume\EddieBlazorResume.csproj", "{856F90D3-6651-4E30-B9F0-25B2811DD457}"
EndProject
Project("{9A19103F-16F7-4668-BE54-9A1E7A4F7556}") = "EddieBlazorResume.Client", "EddieBlazorResume.Client\EddieBlazorResume.Client.csproj", "{FA6D3A84-60AE-40E6-BE8C-61EAB994DCC6}"
EndProject
Global
	GlobalSection(SolutionConfigurationPlatforms) = preSolution
		Debug|Any CPU = Debug|Any CPU
		Debug|x64 = Debug|x64
		Debug|x86 = Debug|x86
		Release|Any CPU = Release|Any CPU
		Release|x64 = Release|x64
		Release|x86 = Release|x86
	EndGlobalSection
	GlobalSection(ProjectConfigurationPlatforms) = postSolution
		{856F90D3-6651-4E30-B9F0-25B2811DD457}.Debug|Any CPU.ActiveCfg = Debug|Any CPU
		{856F90D3-6651-4E30-B9F0-25B2811DD457}.Debug|Any CPU.Build.0 = Debug|Any CPU
		{856F90D3-6651-4E30-B9F0-25B2811DD457}.Debug|x64.ActiveCfg = Debug|Any CPU
		{856F90D3-6651-4E30-B9F0-25B2811DD457}.Debug|x64.Build.0 = Debug|Any CPU
		{856F90D3-6651-4E30-B9F0-25B2811DD457}.Debug|x86.ActiveCfg = Debug|Any CPU
		{856F90D3-6651-4E30-B9F0-25B2811DD457}.Debug|x86.Build.0 = Debug|Any CPU
		{856F90D3-6651-4E30-B9F0-25B2811DD457}.Release|Any CPU.ActiveCfg = Release|Any CPU
		{856F90D3-6651-4E30-B9F0-25B2811DD457}.Release|Any CPU.Build.0 = Release|Any CPU
		{856F90D3-6651-4E30-B9F0-25B2811DD457}.Release|x64.ActiveCfg = Release|Any CPU
		{856F90D3-6651-4E30-B9F0-25B2811DD457}.Release|x64.Build.0 = Release|Any CPU
		{856F90D3-6651-4E30-B9F0-25B2811DD457}.Release|x86.ActiveCfg = Release|Any CPU
		{856F90D3-6651-4E30-B9F0-25B2811DD457}.Release|x86.Build.0 = Release|Any CPU
		{FA6D3A84-60AE-40E6-BE8C-61EAB994DCC6}.Debug|Any CPU.ActiveCfg = Debug|Any CPU
		{FA6D3A84-60AE-40E6-BE8C-61EAB994DCC6}.Debug|Any CPU.Build.0 = Debug|Any CPU
		{FA6D3A84-60AE-40E6-BE8C-61EAB994DCC6}.Debug|x64.ActiveCfg = Debug|Any CPU
		{FA6D3A84-60AE-40E6-BE8C-61EAB994DCC6}.Debug|x64.Build.0 = Debug|Any CPU
		{FA6D3A84-60AE-40E6-BE8C-61EAB994DCC6}.Debug|x86.ActiveCfg = Debug|Any CPU
		{FA6D3A84-60AE-40E6-BE8C-61EAB994DCC6}.Debug|x86.Build.0 = Debug|Any CPU
		{FA6D3A84-60AE-40E6-BE8C-61EAB994DCC6}.Release|Any CPU.ActiveCfg = Release|Any CPU
		{FA6D3A84-60AE-40E6-BE8C-61EAB994DCC6}.Release|Any CPU.Build.0 = Release|Any CPU
		{FA6D3A84-60AE-40E6-BE8C-61EAB994DCC6}.Release|x64.ActiveCfg = Release|Any CPU
		{FA6D3A84-60AE-40E6-BE8C-61EAB994DCC6}.Release|x64.Build.0 = Release|Any CPU
		{FA6D3A84-60AE-40E6-BE8C-61EAB994DCC6}.Release|x86.ActiveCfg = Release|Any CPU
		{FA6D3A84-60AE-40E6-BE8C-61EAB994DCC6}.Release|x86.Build.0 = Release|Any CPU
	EndGlobalSection
	GlobalSection(SolutionProperties) = preSolution
		HideSolutionNode = FALSE
	EndGlobalSection
	GlobalSection(ExtensibilityGlobals) = postSolution
		SolutionGuid = {37A46C89-2B95-4CFD-B1B8-63296090836E}
	EndGlobalSection
EndGlobal
